
Microsoft Visual Studio Solution File, Format Version 12.00
# Visual Studio Version 17
VisualStudioVersion = 17.0.32014.148
MinimumVisualStudioVersion = 10.0.40219.1
Project("{FAE04EC0-301F-11D3-BF4B-00C04F79EFBC}") = "LoginAndRegisterSystem", "LoginAndRegisterSystem\LoginAndRegisterSystem.csproj", "{4C2D2F90-94F0-4285-8AFD-F890EF6075E3}"
EndProject
Global
	GlobalSection(SolutionConfigurationPlatforms) = preSolution
		Debug|Any CPU = Debug|Any CPU
		Release|Any CPU = Release|Any CPU
	EndGlobalSection
	GlobalSection(ProjectConfigurationPlatforms) = postSolution
		{4C2D2F90-94F0-4285-8AFD-F890EF6075E3}.Debug|Any CPU.ActiveCfg = Debug|Any CPU
		{4C2D2F90-94F0-4285-8AFD-F890EF6075E3}.Debug|Any CPU.Build.0 = Debug|Any CPU
		{4C2D2F90-94F0-4285-8AFD-F890EF6075E3}.Release|Any CPU.ActiveCfg = Release|Any CPU
		{4C2D2F90-94F0-4285-8AFD-F890EF6075E3}.Release|Any CPU.Build.0 = Release|Any CPU
	EndGlobalSection
	GlobalSection(SolutionProperties) = preSolution
		HideSolutionNode = FALSE
	EndGlobalSection
	GlobalSection(ExtensibilityGlobals) = postSolution
		SolutionGuid = {C348A89A-1E35-4A72-AB52-18EBB0C3CD7C}
	EndGlobalSection
EndGlobal
